
Microsoft Visual Studio Solution File, Format Version 12.00
# Visual Studio 15
Project("{FAE04EC0-301F-11D3-BF4B-00C04F79EFBC}") = "Assembly-CSharp", "Assembly-CSharp.csproj", "{F7C141B0-7DFF-EED1-3ACF-1C3260343785}"
EndProject
Project("{FAE04EC0-301F-11D3-BF4B-00C04F79EFBC}") = "Assembly-CSharp-Editor", "Assembly-CSharp-Editor.csproj", "{0B6A5C20-5B02-C1D7-D227-4E0C106F265D}"
EndProject
Global
	GlobalSection(SolutionConfigurationPlatforms) = preSolution
		Debug|Any CPU = Debug|Any CPU
		Release|Any CPU = Release|Any CPU
	EndGlobalSection
	GlobalSection(ProjectConfigurationPlatforms) = postSolution
		{F7C141B0-7DFF-EED1-3ACF-1C3260343785}.Debug|Any CPU.ActiveCfg = Debug|Any CPU
		{F7C141B0-7DFF-EED1-3ACF-1C3260343785}.Debug|Any CPU.Build.0 = Debug|Any CPU
		{F7C141B0-7DFF-EED1-3ACF-1C3260343785}.Release|Any CPU.ActiveCfg = Release|Any CPU
		{F7C141B0-7DFF-EED1-3ACF-1C3260343785}.Release|Any CPU.Build.0 = Release|Any CPU
		{0B6A5C20-5B02-C1D7-D227-4E0C106F265D}.Debug|Any CPU.ActiveCfg = Debug|Any CPU
		{0B6A5C20-5B02-C1D7-D227-4E0C106F265D}.Debug|Any CPU.Build.0 = Debug|Any CPU
		{0B6A5C20-5B02-C1D7-D227-4E0C106F265D}.Release|Any CPU.ActiveCfg = Release|Any CPU
		{0B6A5C20-5B02-C1D7-D227-4E0C106F265D}.Release|Any CPU.Build.0 = Release|Any CPU
	EndGlobalSection
	GlobalSection(SolutionProperties) = preSolution
		HideSolutionNode = FALSE
	EndGlobalSection
EndGlobal
